// !$*UTF8*$!
{
	archiveVersion = 1;
	classes = {
	};
	objectVersion = 56;
	objects = {

/* Begin PBXBuildFile section */
		3F0A2F272B75FA3C00F7C8CF /* AppDelegate.swift in Sources */ = {isa = PBXBuildFile; fileRef = 3F0A2F262B75FA3C00F7C8CF /* AppDelegate.swift */; };
		3F0A2F292B75FA3C00F7C8CF /* SceneDelegate.swift in Sources */ = {isa = PBXBuildFile; fileRef = 3F0A2F282B75FA3C00F7C8CF /* SceneDelegate.swift */; };
		3F0A2F302B75FA4000F7C8CF /* Assets.xcassets in Resources */ = {isa = PBXBuildFile; fileRef = 3F0A2F2F2B75FA4000F7C8CF /* Assets.xcassets */; };
		3F0A2F332B75FA4000F7C8CF /* LaunchScreen.storyboard in Resources */ = {isa = PBXBuildFile; fileRef = 3F0A2F312B75FA4000F7C8CF /* LaunchScreen.storyboard */; };
		3F0A2F3B2B75FB2D00F7C8CF /* RegViewController.swift in Sources */ = {isa = PBXBuildFile; fileRef = 3F0A2F3A2B75FB2D00F7C8CF /* RegViewController.swift */; };
		3F0A2F3D2B75FC7B00F7C8CF /* BaseViewController.swift in Sources */ = {isa = PBXBuildFile; fileRef = 3F0A2F3C2B75FC7B00F7C8CF /* BaseViewController.swift */; };
		3F0A2F402B75FD0400F7C8CF /* UIColor + ext.swift in Sources */ = {isa = PBXBuildFile; fileRef = 3F0A2F3F2B75FD0400F7C8CF /* UIColor + ext.swift */; };
/* End PBXBuildFile section */

/* Begin PBXFileReference section */
		3F0A2F232B75FA3C00F7C8CF /* CofeeApp.app */ = {isa = PBXFileReference; explicitFileType = wrapper.application; includeInIndex = 0; path = CofeeApp.app; sourceTree = BUILT_PRODUCTS_DIR; };
		3F0A2F262B75FA3C00F7C8CF /* AppDelegate.swift */ = {isa = PBXFileReference; lastKnownFileType = sourcecode.swift; path = AppDelegate.swift; sourceTree = "<group>"; };
		3F0A2F282B75FA3C00F7C8CF /* SceneDelegate.swift */ = {isa = PBXFileReference; lastKnownFileType = sourcecode.swift; path = SceneDelegate.swift; sourceTree = "<group>"; };
		3F0A2F2F2B75FA4000F7C8CF /* Assets.xcassets */ = {isa = PBXFileReference; lastKnownFileType = folder.assetcatalog; path = Assets.xcassets; sourceTree = "<group>"; };
		3F0A2F322B75FA4000F7C8CF /* Base */ = {isa = PBXFileReference; lastKnownFileType = file.storyboard; name = Base; path = Base.lproj/LaunchScreen.storyboard; sourceTree = "<group>"; };
		3F0A2F342B75FA4000F7C8CF /* Info.plist */ = {isa = PBXFileReference; lastKnownFileType = text.plist.xml; path = Info.plist; sourceTree = "<group>"; };
		3F0A2F3A2B75FB2D00F7C8CF /* RegViewController.swift */ = {isa = PBXFileReference; lastKnownFileType = sourcecode.swift; path = RegViewController.swift; sourceTree = "<group>"; };
		3F0A2F3C2B75FC7B00F7C8CF /* BaseViewController.swift */ = {isa = PBXFileReference; lastKnownFileType = sourcecode.swift; path = BaseViewController.swift; sourceTree = "<group>"; };
		3F0A2F3F2B75FD0400F7C8CF /* UIColor + ext.swift */ = {isa = PBXFileReference; lastKnownFileType = sourcecode.swift; path = "UIColor + ext.swift"; sourceTree = "<group>"; };
/* End PBXFileReference section */

/* Begin PBXFrameworksBuildPhase section */
		3F0A2F202B75FA3C00F7C8CF /* Frameworks */ = {
			isa = PBXFrameworksBuildPhase;
			buildActionMask = 2147483647;
			files = (
			);
			runOnlyForDeploymentPostprocessing = 0;
		};
/* End PBXFrameworksBuildPhase section */

/* Begin PBXGroup section */
		3F0A2F1A2B75FA3C00F7C8CF = {
			isa = PBXGroup;
			children = (
				3F0A2F252B75FA3C00F7C8CF /* CofeeApp */,
				3F0A2F242B75FA3C00F7C8CF /* Products */,
			);
			sourceTree = "<group>";
		};
		3F0A2F242B75FA3C00F7C8CF /* Products */ = {
			isa = PBXGroup;
			children = (
				3F0A2F232B75FA3C00F7C8CF /* CofeeApp.app */,
			);
			name = Products;
			sourceTree = "<group>";
		};
		3F0A2F252B75FA3C00F7C8CF /* CofeeApp */ = {
			isa = PBXGroup;
			children = (
				3F0A2F3E2B75FCF500F7C8CF /* Extension */,
				3F0A2F262B75FA3C00F7C8CF /* AppDelegate.swift */,
				3F0A2F282B75FA3C00F7C8CF /* SceneDelegate.swift */,
				3F0A2F2F2B75FA4000F7C8CF /* Assets.xcassets */,
				3F0A2F312B75FA4000F7C8CF /* LaunchScreen.storyboard */,
				3F0A2F342B75FA4000F7C8CF /* Info.plist */,
				3F0A2F3A2B75FB2D00F7C8CF /* RegViewController.swift */,
				3F0A2F3C2B75FC7B00F7C8CF /* BaseViewController.swift */,
			);
			path = CofeeApp;
			sourceTree = "<group>";
		};
		3F0A2F3E2B75FCF500F7C8CF /* Extension */ = {
			isa = PBXGroup;
			children = (
				3F0A2F3F2B75FD0400F7C8CF /* UIColor + ext.swift */,
			);
			path = Extension;
			sourceTree = "<group>";
		};
/* End PBXGroup section */

/* Begin PBXNativeTarget section */
		3F0A2F222B75FA3C00F7C8CF /* CofeeApp */ = {
			isa = PBXNativeTarget;
			buildConfigurationList = 3F0A2F372B75FA4000F7C8CF /* Build configuration list for PBXNativeTarget "CofeeApp" */;
			buildPhases = (
				3F0A2F1F2B75FA3C00F7C8CF /* Sources */,
				3F0A2F202B75FA3C00F7C8CF /* Frameworks */,
				3F0A2F212B75FA3C00F7C8CF /* Resources */,
			);
			buildRules = (
			);
			dependencies = (
			);
			name = CofeeApp;
			productName = CofeeApp;
			productReference = 3F0A2F232B75FA3C00F7C8CF /* CofeeApp.app */;
			productType = "com.apple.product-type.application";
		};
/* End PBXNativeTarget section */

/* Begin PBXProject section */
		3F0A2F1B2B75FA3C00F7C8CF /* Project object */ = {
			isa = PBXProject;
			attributes = {
				BuildIndependentTargetsInParallel = 1;
				LastSwiftUpdateCheck = 1420;
				LastUpgradeCheck = 1420;
				TargetAttributes = {
					3F0A2F222B75FA3C00F7C8CF = {
						CreatedOnToolsVersion = 14.2;
					};
				};
			};
			buildConfigurationList = 3F0A2F1E2B75FA3C00F7C8CF /* Build configuration list for PBXProject "CofeeApp" */;
			compatibilityVersion = "Xcode 14.0";
			developmentRegion = en;
			hasScannedForEncodings = 0;
			knownRegions = (
				en,
				Base,
			);
			mainGroup = 3F0A2F1A2B75FA3C00F7C8CF;
			packageReferences = (
				3F0A2F432B760FE800F7C8CF /* XCRemoteSwiftPackageReference "SnapKit" */,
			);
			productRefGroup = 3F0A2F242B75FA3C00F7C8CF /* Products */;
			projectDirPath = "";
			projectRoot = "";
			targets = (
				3F0A2F222B75FA3C00F7C8CF /* CofeeApp */,
			);
		};
/* End PBXProject section */

/* Begin PBXResourcesBuildPhase section */
		3F0A2F212B75FA3C00F7C8CF /* Resources */ = {
			isa = PBXResourcesBuildPhase;
			buildActionMask = 2147483647;
			files = (
				3F0A2F332B75FA4000F7C8CF /* LaunchScreen.storyboard in Resources */,
				3F0A2F302B75FA4000F7C8CF /* Assets.xcassets in Resources */,
			);
			runOnlyForDeploymentPostprocessing = 0;
		};
/* End PBXResourcesBuildPhase section */

/* Begin PBXSourcesBuildPhase section */
		3F0A2F1F2B75FA3C00F7C8CF /* Sources */ = {
			isa = PBXSourcesBuildPhase;
			buildActionMask = 2147483647;
			files = (
				3F0A2F272B75FA3C00F7C8CF /* AppDelegate.swift in Sources */,
				3F0A2F3D2B75FC7B00F7C8CF /* BaseViewController.swift in Sources */,
				3F0A2F3B2B75FB2D00F7C8CF /* RegViewController.swift in Sources */,
				3F0A2F402B75FD0400F7C8CF /* UIColor + ext.swift in Sources */,
				3F0A2F292B75FA3C00F7C8CF /* SceneDelegate.swift in Sources */,
			);
			runOnlyForDeploymentPostprocessing = 0;
		};
/* End PBXSourcesBuildPhase section */

/* Begin PBXVariantGroup section */
		3F0A2F312B75FA4000F7C8CF /* LaunchScreen.storyboard */ = {
			isa = PBXVariantGroup;
			children = (
				3F0A2F322B75FA4000F7C8CF /* Base */,
			);
			name = LaunchScreen.storyboard;
			sourceTree = "<group>";
		};
/* End PBXVariantGroup section */

/* Begin XCBuildConfiguration section */
		3F0A2F352B75FA4000F7C8CF /* Debug */ = {
			isa = XCBuildConfiguration;
			buildSettings = {
				ALWAYS_SEARCH_USER_PATHS = NO;
				CLANG_ANALYZER_NONNULL = YES;
				CLANG_ANALYZER_NUMBER_OBJECT_CONVERSION = YES_AGGRESSIVE;
				CLANG_CXX_LANGUAGE_STANDARD = "gnu++20";
				CLANG_ENABLE_MODULES = YES;
				CLANG_ENABLE_OBJC_ARC = YES;
				CLANG_ENABLE_OBJC_WEAK = YES;
				CLANG_WARN_BLOCK_CAPTURE_AUTORELEASING = YES;
				CLANG_WARN_BOOL_CONVERSION = YES;
				CLANG_WARN_COMMA = YES;
				CLANG_WARN_CONSTANT_CONVERSION = YES;
				CLANG_WARN_DEPRECATED_OBJC_IMPLEMENTATIONS = YES;
				CLANG_WARN_DIRECT_OBJC_ISA_USAGE = YES_ERROR;
				CLANG_WARN_DOCUMENTATION_COMMENTS = YES;
				CLANG_WARN_EMPTY_BODY = YES;
				CLANG_WARN_ENUM_CONVERSION = YES;
				CLANG_WARN_INFINITE_RECURSION = YES;
				CLANG_WARN_INT_CONVERSION = YES;
				CLANG_WARN_NON_LITERAL_NULL_CONVERSION = YES;
				CLANG_WARN_OBJC_IMPLICIT_RETAIN_SELF = YES;
				CLANG_WARN_OBJC_LITERAL_CONVERSION = YES;
				CLANG_WARN_OBJC_ROOT_CLASS = YES_ERROR;
				CLANG_WARN_QUOTED_INCLUDE_IN_FRAMEWORK_HEADER = YES;
				CLANG_WARN_RANGE_LOOP_ANALYSIS = YES;
				CLANG_WARN_STRICT_PROTOTYPES = YES;
				CLANG_WARN_SUSPICIOUS_MOVE = YES;
				CLANG_WARN_UNGUARDED_AVAILABILITY = YES_AGGRESSIVE;
				CLANG_WARN_UNREACHABLE_CODE = YES;
				CLANG_WARN__DUPLICATE_METHOD_MATCH = YES;
				COPY_PHASE_STRIP = NO;
				DEBUG_INFORMATION_FORMAT = dwarf;
				ENABLE_STRICT_OBJC_MSGSEND = YES;
				ENABLE_TESTABILITY = YES;
				GCC_C_LANGUAGE_STANDARD = gnu11;
				GCC_DYNAMIC_NO_PIC = NO;
				GCC_NO_COMMON_BLOCKS = YES;
				GCC_OPTIMIZATION_LEVEL = 0;
				GCC_PREPROCESSOR_DEFINITIONS = (
					"DEBUG=1",
					"$(inherited)",
				);
				GCC_WARN_64_TO_32_BIT_CONVERSION = YES;
				GCC_WARN_ABOUT_RETURN_TYPE = YES_ERROR;
				GCC_WARN_UNDECLARED_SELECTOR = YES;
				GCC_WARN_UNINITIALIZED_AUTOS = YES_AGGRESSIVE;
				GCC_WARN_UNUSED_FUNCTION = YES;
				GCC_WARN_UNUSED_VARIABLE = YES;
				IPHONEOS_DEPLOYMENT_TARGET = 16.2;
				MTL_ENABLE_DEBUG_INFO = INCLUDE_SOURCE;
				MTL_FAST_MATH = YES;
				ONLY_ACTIVE_ARCH = YES;
				SDKROOT = iphoneos;
				SWIFT_ACTIVE_COMPILATION_CONDITIONS = DEBUG;
				SWIFT_OPTIMIZATION_LEVEL = "-Onone";
			};
			name = Debug;
		};
		3F0A2F362B75FA4000F7C8CF /* Release */ = {
			isa = XCBuildConfiguration;
			buildSettings = {
				ALWAYS_SEARCH_USER_PATHS = NO;
				CLANG_ANALYZER_NONNULL = YES;
				CLANG_ANALYZER_NUMBER_OBJECT_CONVERSION = YES_AGGRESSIVE;
				CLANG_CXX_LANGUAGE_STANDARD = "gnu++20";
				CLANG_ENABLE_MODULES = YES;
				CLANG_ENABLE_OBJC_ARC = YES;
				CLANG_ENABLE_OBJC_WEAK = YES;
				CLANG_WARN_BLOCK_CAPTURE_AUTORELEASING = YES;
				CLANG_WARN_BOOL_CONVERSION = YES;
				CLANG_WARN_COMMA = YES;
				CLANG_WARN_CONSTANT_CONVERSION = YES;
				CLANG_WARN_DEPRECATED_OBJC_IMPLEMENTATIONS = YES;
				CLANG_WARN_DIRECT_OBJC_ISA_USAGE = YES_ERROR;
				CLANG_WARN_DOCUMENTATION_COMMENTS = YES;
				CLANG_WARN_EMPTY_BODY = YES;
				CLANG_WARN_ENUM_CONVERSION = YES;
				CLANG_WARN_INFINITE_RECURSION = YES;
				CLANG_WARN_INT_CONVERSION = YES;
				CLANG_WARN_NON_LITERAL_NULL_CONVERSION = YES;
				CLANG_WARN_OBJC_IMPLICIT_RETAIN_SELF = YES;
				CLANG_WARN_OBJC_LITERAL_CONVERSION = YES;
				CLANG_WARN_OBJC_ROOT_CLASS = YES_ERROR;
				CLANG_WARN_QUOTED_INCLUDE_IN_FRAMEWORK_HEADER = YES;
				CLANG_WARN_RANGE_LOOP_ANALYSIS = YES;
				CLANG_WARN_STRICT_PROTOTYPES = YES;
				CLANG_WARN_SUSPICIOUS_MOVE = YES;
				CLANG_WARN_UNGUARDED_AVAILABILITY = YES_AGGRESSIVE;
				CLANG_WARN_UNREACHABLE_CODE = YES;
				CLANG_WARN__DUPLICATE_METHOD_MATCH = YES;
				COPY_PHASE_STRIP = NO;
				DEBUG_INFORMATION_FORMAT = "dwarf-with-dsym";
				ENABLE_NS_ASSERTIONS = NO;
				ENABLE_STRICT_OBJC_MSGSEND = YES;
				GCC_C_LANGUAGE_STANDARD = gnu11;
				GCC_NO_COMMON_BLOCKS = YES;
				GCC_WARN_64_TO_32_BIT_CONVERSION = YES;
				GCC_WARN_ABOUT_RETURN_TYPE = YES_ERROR;
				GCC_WARN_UNDECLARED_SELECTOR = YES;
				GCC_WARN_UNINITIALIZED_AUTOS = YES_AGGRESSIVE;
				GCC_WARN_UNUSED_FUNCTION = YES;
				GCC_WARN_UNUSED_VARIABLE = YES;
				IPHONEOS_DEPLOYMENT_TARGET = 16.2;
				MTL_ENABLE_DEBUG_INFO = NO;
				MTL_FAST_MATH = YES;
				SDKROOT = iphoneos;
				SWIFT_COMPILATION_MODE = wholemodule;
				SWIFT_OPTIMIZATION_LEVEL = "-O";
				VALIDATE_PRODUCT = YES;
			};
			name = Release;
		};
		3F0A2F382B75FA4000F7C8CF /* Debug */ = {
			isa = XCBuildConfiguration;
			buildSettings = {
				ASSETCATALOG_COMPILER_APPICON_NAME = AppIcon;
				ASSETCATALOG_COMPILER_GLOBAL_ACCENT_COLOR_NAME = AccentColor;
				CODE_SIGN_STYLE = Automatic;
				CURRENT_PROJECT_VERSION = 1;
				DEVELOPMENT_TEAM = 7YZ28BX3VS;
				GENERATE_INFOPLIST_FILE = YES;
				INFOPLIST_FILE = CofeeApp/Info.plist;
				INFOPLIST_KEY_UIApplicationSupportsIndirectInputEvents = YES;
				INFOPLIST_KEY_UILaunchStoryboardName = LaunchScreen;
				INFOPLIST_KEY_UISupportedInterfaceOrientations = UIInterfaceOrientationPortrait;
				INFOPLIST_KEY_UISupportedInterfaceOrientations_iPad = "UIInterfaceOrientationLandscapeLeft UIInterfaceOrientationLandscapeRight UIInterfaceOrientationPortrait UIInterfaceOrientationPortraitUpsideDown";
				IPHONEOS_DEPLOYMENT_TARGET = 15.0;
				LD_RUNPATH_SEARCH_PATHS = (
					"$(inherited)",
					"@executable_path/Frameworks",
				);
				MARKETING_VERSION = 1.0;
				PRODUCT_BUNDLE_IDENTIFIER = ru.aesergeev.CofeeApp;
				PRODUCT_NAME = "$(TARGET_NAME)";
				SUPPORTED_PLATFORMS = "iphoneos iphonesimulator";
				SUPPORTS_MACCATALYST = NO;
				SUPPORTS_MAC_DESIGNED_FOR_IPHONE_IPAD = NO;
				SWIFT_EMIT_LOC_STRINGS = YES;
				SWIFT_VERSION = 5.0;
				TARGETED_DEVICE_FAMILY = 1;
			};
			name = Debug;
		};
		3F0A2F392B75FA4000F7C8CF /* Release */ = {
			isa = XCBuildConfiguration;
			buildSettings = {
				ASSETCATALOG_COMPILER_APPICON_NAME = AppIcon;
				ASSETCATALOG_COMPILER_GLOBAL_ACCENT_COLOR_NAME = AccentColor;
				CODE_SIGN_STYLE = Automatic;
				CURRENT_PROJECT_VERSION = 1;
				DEVELOPMENT_TEAM = 7YZ28BX3VS;
				GENERATE_INFOPLIST_FILE = YES;
				INFOPLIST_FILE = CofeeApp/Info.plist;
				INFOPLIST_KEY_UIApplicationSupportsIndirectInputEvents = YES;
				INFOPLIST_KEY_UILaunchStoryboardName = LaunchScreen;
				INFOPLIST_KEY_UISupportedInterfaceOrientations = UIInterfaceOrientationPortrait;
				INFOPLIST_KEY_UISupportedInterfaceOrientations_iPad = "UIInterfaceOrientationLandscapeLeft UIInterfaceOrientationLandscapeRight UIInterfaceOrientationPortrait UIInterfaceOrientationPortraitUpsideDown";
				IPHONEOS_DEPLOYMENT_TARGET = 15.0;
				LD_RUNPATH_SEARCH_PATHS = (
					"$(inherited)",
					"@executable_path/Frameworks",
				);
				MARKETING_VERSION = 1.0;
				PRODUCT_BUNDLE_IDENTIFIER = ru.aesergeev.CofeeApp;
				PRODUCT_NAME = "$(TARGET_NAME)";
				SUPPORTED_PLATFORMS = "iphoneos iphonesimulator";
				SUPPORTS_MACCATALYST = NO;
				SUPPORTS_MAC_DESIGNED_FOR_IPHONE_IPAD = NO;
				SWIFT_EMIT_LOC_STRINGS = YES;
				SWIFT_VERSION = 5.0;
				TARGETED_DEVICE_FAMILY = 1;
			};
			name = Release;
		};
/* End XCBuildConfiguration section */

/* Begin XCConfigurationList section */
		3F0A2F1E2B75FA3C00F7C8CF /* Build configuration list for PBXProject "CofeeApp" */ = {
			isa = XCConfigurationList;
			buildConfigurations = (
				3F0A2F352B75FA4000F7C8CF /* Debug */,
				3F0A2F362B75FA4000F7C8CF /* Release */,
			);
			defaultConfigurationIsVisible = 0;
			defaultConfigurationName = Release;
		};
		3F0A2F372B75FA4000F7C8CF /* Build configuration list for PBXNativeTarget "CofeeApp" */ = {
			isa = XCConfigurationList;
			buildConfigurations = (
				3F0A2F382B75FA4000F7C8CF /* Debug */,
				3F0A2F392B75FA4000F7C8CF /* Release */,
			);
			defaultConfigurationIsVisible = 0;
			defaultConfigurationName = Release;
		};
/* End XCConfigurationList section */

/* Begin XCRemoteSwiftPackageReference section */
		3F0A2F432B760FE800F7C8CF /* XCRemoteSwiftPackageReference "SnapKit" */ = {
			isa = XCRemoteSwiftPackageReference;
			repositoryURL = "https://github.com/SnapKit/SnapKit.git";
			requirement = {
				branch = develop;
				kind = branch;
			};
		};
/* End XCRemoteSwiftPackageReference section */
	};
	rootObject = 3F0A2F1B2B75FA3C00F7C8CF /* Project object */;
}
